<?xml version="1.0" encoding="utf-8"?>
<Project ToolsVersion="4.0" xmlns="http://schemas.microsoft.com/developer/msbuild/2003">
  <ItemGroup>
    <Filter Include="Quellcodedateien">
      <UniqueIdentifier>{a64f8360-b406-463c-980a-d445ee4fa8d7}</UniqueIdentifier>
      <Extensions>cpp;c;cxx;rc;def;r;odl;idl;hpj;bat</Extensions>
    </Filter>
    <Filter Include="Header-Dateien">
      <UniqueIdentifier>{370dfbb0-0f20-4234-b8d8-98a491c8b86e}</UniqueIdentifier>
      <Extensions>h;hpp;hxx;hm;inl</Extensions>
    </Filter>
    <Filter Include="Ressourcendateien">
      <UniqueIdentifier>{78783b46-8b01-4179-89eb-c5ee05ae30ae}</UniqueIdentifier>
      <Extensions>ico;cur;bmp;dlg;rc2;rct;bin;rgs;gif;jpg;jpeg;jpe</Extensions>
    </Filter>
  </ItemGroup>
  <ItemGroup>
    <ClCompile Include="bool.c">
      <Filter>Quellcodedateien</Filter>
    </ClCompile>
    <ClCompile Include="dbmain.c">
      <Filter>Quellcodedateien</Filter>
    </ClCompile>
    <ClCompile Include="index.c">
      <Filter>Quellcodedateien</Filter>
    </ClCompile>
    <ClCompile Include="interface.c">
      <Filter>Quellcodedateien</Filter>
    </ClCompile>
    <ClCompile Include="lookup.c">
      <Filter>Quellcodedateien</Filter>
    </ClCompile>
    <ClCompile Include="min_movegen.c">
      <Filter>Quellcodedateien</Filter>
    </ClCompile>
  </ItemGroup>
  <ItemGroup>
    <ClInclude Include="bool.h">
      <Filter>Header-Dateien</Filter>
    </ClInclude>
    <ClInclude Include="checkers.h">
      <Filter>Header-Dateien</Filter>
    </ClInclude>
    <ClInclude Include="dbmain.h">
      <Filter>Header-Dateien</Filter>
    </ClInclude>
    <ClInclude Include="index.h">
      <Filter>Header-Dateien</Filter>
    </ClInclude>
    <ClInclude Include="interface.h">
      <Filter>Header-Dateien</Filter>
    </ClInclude>
    <ClInclude Include="lookup.h">
      <Filter>Header-Dateien</Filter>
    </ClInclude>
    <ClInclude Include="min_movegen.h">
      <Filter>Header-Dateien</Filter>
    </ClInclude>
  </ItemGroup>
</Project>