<?xml version="1.0" encoding="utf-8"?>
<Project ToolsVersion="4.0" xmlns="http://schemas.microsoft.com/developer/msbuild/2003">
  <ItemGroup>
    <Filter Include="Quellcodedateien">
      <UniqueIdentifier>{bebb896b-d523-4d5f-8c13-3ddf3b62c963}</UniqueIdentifier>
      <Extensions>cpp;c;cxx;rc;def;r;odl;idl;hpj;bat</Extensions>
    </Filter>
    <Filter Include="Header-Dateien">
      <UniqueIdentifier>{bf82e6c5-417b-4088-bee9-75825d1ff75f}</UniqueIdentifier>
      <Extensions>h;hpp;hxx;hm;inl</Extensions>
    </Filter>
    <Filter Include="Ressourcendateien">
      <UniqueIdentifier>{d59bccb1-f3c2-40ad-a331-6e6ce29ca022}</UniqueIdentifier>
      <Extensions>ico;cur;bmp;dlg;rc2;rct;bin;rgs;gif;jpg;jpeg;jpe</Extensions>
    </Filter>
  </ItemGroup>
  <ItemGroup>
    <ClCompile Include="bool.c">
      <Filter>Quellcodedateien</Filter>
    </ClCompile>
    <ClCompile Include="compressmain.c">
      <Filter>Quellcodedateien</Filter>
    </ClCompile>
    <ClCompile Include="min_movegen.c">
      <Filter>Quellcodedateien</Filter>
    </ClCompile>
  </ItemGroup>
  <ItemGroup>
    <ClInclude Include="bool.h">
      <Filter>Header-Dateien</Filter>
    </ClInclude>
    <ClInclude Include="checkers.h">
      <Filter>Header-Dateien</Filter>
    </ClInclude>
    <ClInclude Include="compressmain.h">
      <Filter>Header-Dateien</Filter>
    </ClInclude>
    <ClInclude Include="min_movegen.h">
      <Filter>Header-Dateien</Filter>
    </ClInclude>
  </ItemGroup>
</Project>